
Microsoft Visual Studio Solution File, Format Version 12.00
# Visual Studio Version 17
VisualStudioVersion = 17.9.34622.214
MinimumVisualStudioVersion = 10.0.40219.1
Project("{9A19103F-16F7-4668-BE54-9A1E7A4F7556}") = "ProductShop", "ProductShop\ProductShop.csproj", "{F022D15B-01FC-4D9A-99B8-E16964D6E4FA}"
EndProject
Project("{FAE04EC0-301F-11D3-BF4B-00C04F79EFBC}") = "CarDealer", "CarDealer\CarDealer.csproj", "{4E89BE3F-C366-4936-9A6C-F19DA85B60FD}"
EndProject
Global
	GlobalSection(SolutionConfigurationPlatforms) = preSolution
		Debug|Any CPU = Debug|Any CPU
		Release|Any CPU = Release|Any CPU
	EndGlobalSection
	GlobalSection(ProjectConfigurationPlatforms) = postSolution
		{F022D15B-01FC-4D9A-99B8-E16964D6E4FA}.Debug|Any CPU.ActiveCfg = Debug|Any CPU
		{F022D15B-01FC-4D9A-99B8-E16964D6E4FA}.Debug|Any CPU.Build.0 = Debug|Any CPU
		{F022D15B-01FC-4D9A-99B8-E16964D6E4FA}.Release|Any CPU.ActiveCfg = Release|Any CPU
		{F022D15B-01FC-4D9A-99B8-E16964D6E4FA}.Release|Any CPU.Build.0 = Release|Any CPU
		{4E89BE3F-C366-4936-9A6C-F19DA85B60FD}.Debug|Any CPU.ActiveCfg = Debug|Any CPU
		{4E89BE3F-C366-4936-9A6C-F19DA85B60FD}.Debug|Any CPU.Build.0 = Debug|Any CPU
		{4E89BE3F-C366-4936-9A6C-F19DA85B60FD}.Release|Any CPU.ActiveCfg = Release|Any CPU
		{4E89BE3F-C366-4936-9A6C-F19DA85B60FD}.Release|Any CPU.Build.0 = Release|Any CPU
	EndGlobalSection
	GlobalSection(SolutionProperties) = preSolution
		HideSolutionNode = FALSE
	EndGlobalSection
	GlobalSection(ExtensibilityGlobals) = postSolution
		SolutionGuid = {6260598B-3A81-49BD-B86F-02BCDD163280}
	EndGlobalSection
EndGlobal
