
Microsoft Visual Studio Solution File, Format Version 12.00
# Visual Studio Version 17
VisualStudioVersion = 17.9.34622.214
MinimumVisualStudioVersion = 10.0.40219.1
Project("{FAE04EC0-301F-11D3-BF4B-00C04F79EFBC}") = "BillsPaymentSystem.App", "BillsPaymentSystem.App\BillsPaymentSystem.App.csproj", "{26846B79-8BE2-46D6-952D-8D52F7061302}"
EndProject
Project("{FAE04EC0-301F-11D3-BF4B-00C04F79EFBC}") = "BillsPaymentSystem.Data", "BillsPaymentSystem.Data\BillsPaymentSystem.Data.csproj", "{6ED70EE4-CE84-4064-895D-4EA347E68354}"
EndProject
Project("{FAE04EC0-301F-11D3-BF4B-00C04F79EFBC}") = "BillsPaymentSystem.Models", "BillsPaymentSystem.Models\BillsPaymentSystem.Models.csproj", "{BCDAFD8E-1B32-4054-AD09-FB00F55D6593}"
EndProject
Global
	GlobalSection(SolutionConfigurationPlatforms) = preSolution
		Debug|Any CPU = Debug|Any CPU
		Release|Any CPU = Release|Any CPU
	EndGlobalSection
	GlobalSection(ProjectConfigurationPlatforms) = postSolution
		{26846B79-8BE2-46D6-952D-8D52F7061302}.Debug|Any CPU.ActiveCfg = Debug|Any CPU
		{26846B79-8BE2-46D6-952D-8D52F7061302}.Debug|Any CPU.Build.0 = Debug|Any CPU
		{26846B79-8BE2-46D6-952D-8D52F7061302}.Release|Any CPU.ActiveCfg = Release|Any CPU
		{26846B79-8BE2-46D6-952D-8D52F7061302}.Release|Any CPU.Build.0 = Release|Any CPU
		{6ED70EE4-CE84-4064-895D-4EA347E68354}.Debug|Any CPU.ActiveCfg = Debug|Any CPU
		{6ED70EE4-CE84-4064-895D-4EA347E68354}.Debug|Any CPU.Build.0 = Debug|Any CPU
		{6ED70EE4-CE84-4064-895D-4EA347E68354}.Release|Any CPU.ActiveCfg = Release|Any CPU
		{6ED70EE4-CE84-4064-895D-4EA347E68354}.Release|Any CPU.Build.0 = Release|Any CPU
		{BCDAFD8E-1B32-4054-AD09-FB00F55D6593}.Debug|Any CPU.ActiveCfg = Debug|Any CPU
		{BCDAFD8E-1B32-4054-AD09-FB00F55D6593}.Debug|Any CPU.Build.0 = Debug|Any CPU
		{BCDAFD8E-1B32-4054-AD09-FB00F55D6593}.Release|Any CPU.ActiveCfg = Release|Any CPU
		{BCDAFD8E-1B32-4054-AD09-FB00F55D6593}.Release|Any CPU.Build.0 = Release|Any CPU
	EndGlobalSection
	GlobalSection(SolutionProperties) = preSolution
		HideSolutionNode = FALSE
	EndGlobalSection
	GlobalSection(ExtensibilityGlobals) = postSolution
		SolutionGuid = {3D5E7461-4E59-4A08-8F97-06C05025A457}
	EndGlobalSection
EndGlobal
